
Microsoft Visual Studio Solution File, Format Version 12.00
# Visual Studio Version 16
VisualStudioVersion = 16.0.30413.136
MinimumVisualStudioVersion = 10.0.40219.1
Project("{9A19103F-16F7-4668-BE54-9A1E7A4F7556}") = "Chat.Web", "Chat.Web\Chat.Web.csproj", "{C9A39FC8-A127-455F-B04A-DFE0C0E68100}"
EndProject
Project("{9A19103F-16F7-4668-BE54-9A1E7A4F7556}") = "Chat.Web.Domain", "Chat.Web.Domain\Chat.Web.Domain.csproj", "{6BB86BD4-6E34-431A-AFF9-50A17328823B}"
EndProject
Project("{9A19103F-16F7-4668-BE54-9A1E7A4F7556}") = "Chat.Web.Infrastructure", "Chat.Web.Infrastructure\Chat.Web.Infrastructure.csproj", "{CC83B41F-2C04-4358-B98F-73DA71BE4400}"
EndProject
Global
	GlobalSection(SolutionConfigurationPlatforms) = preSolution
		Debug|Any CPU = Debug|Any CPU
		Release|Any CPU = Release|Any CPU
	EndGlobalSection
	GlobalSection(ProjectConfigurationPlatforms) = postSolution
		{C9A39FC8-A127-455F-B04A-DFE0C0E68100}.Debug|Any CPU.ActiveCfg = Debug|Any CPU
		{C9A39FC8-A127-455F-B04A-DFE0C0E68100}.Debug|Any CPU.Build.0 = Debug|Any CPU
		{C9A39FC8-A127-455F-B04A-DFE0C0E68100}.Release|Any CPU.ActiveCfg = Release|Any CPU
		{C9A39FC8-A127-455F-B04A-DFE0C0E68100}.Release|Any CPU.Build.0 = Release|Any CPU
		{6BB86BD4-6E34-431A-AFF9-50A17328823B}.Debug|Any CPU.ActiveCfg = Debug|Any CPU
		{6BB86BD4-6E34-431A-AFF9-50A17328823B}.Debug|Any CPU.Build.0 = Debug|Any CPU
		{6BB86BD4-6E34-431A-AFF9-50A17328823B}.Release|Any CPU.ActiveCfg = Release|Any CPU
		{6BB86BD4-6E34-431A-AFF9-50A17328823B}.Release|Any CPU.Build.0 = Release|Any CPU
		{CC83B41F-2C04-4358-B98F-73DA71BE4400}.Debug|Any CPU.ActiveCfg = Debug|Any CPU
		{CC83B41F-2C04-4358-B98F-73DA71BE4400}.Debug|Any CPU.Build.0 = Debug|Any CPU
		{CC83B41F-2C04-4358-B98F-73DA71BE4400}.Release|Any CPU.ActiveCfg = Release|Any CPU
		{CC83B41F-2C04-4358-B98F-73DA71BE4400}.Release|Any CPU.Build.0 = Release|Any CPU
	EndGlobalSection
	GlobalSection(SolutionProperties) = preSolution
		HideSolutionNode = FALSE
	EndGlobalSection
	GlobalSection(ExtensibilityGlobals) = postSolution
		SolutionGuid = {185C3E97-5D69-40AF-BC6D-B8F57B010626}
	EndGlobalSection
EndGlobal
